
Microsoft Visual Studio Solution File, Format Version 12.00
# Visual Studio Version 17
VisualStudioVersion = 17.12.35707.178
MinimumVisualStudioVersion = 10.0.40219.1
Project("{FAE04EC0-301F-11D3-BF4B-00C04F79EFBC}") = "PowerController", "PowerController\PowerController.csproj", "{72A17A06-2F89-43A8-B45C-B6C73532E2D0}"
EndProject
Project("{FAE04EC0-301F-11D3-BF4B-00C04F79EFBC}") = "RimefellerIntegration", "PowerControllerCompatibilityRimefeller\RimefellerIntegration.csproj", "{269012A0-7F73-46D5-9699-F831607A1205}"
	ProjectSection(ProjectDependencies) = postProject
		{72A17A06-2F89-43A8-B45C-B6C73532E2D0} = {72A17A06-2F89-43A8-B45C-B6C73532E2D0}
	EndProjectSection
EndProject
Project("{FAE04EC0-301F-11D3-BF4B-00C04F79EFBC}") = "VEHelixienIntegration", "PowerControllerCompatibilityVEHelixien\VEHelixienIntegration.csproj", "{ED448AE2-D806-40D7-B021-ADC1B5C22875}"
	ProjectSection(ProjectDependencies) = postProject
		{72A17A06-2F89-43A8-B45C-B6C73532E2D0} = {72A17A06-2F89-43A8-B45C-B6C73532E2D0}
	EndProjectSection
EndProject
Project("{FAE04EC0-301F-11D3-BF4B-00C04F79EFBC}") = "VEPowerIntegration", "PowerControllerCompatibilityVEPower\VEPowerIntegration.csproj", "{DB06777E-4081-43C9-A029-71B6AB7FED3F}"
	ProjectSection(ProjectDependencies) = postProject
		{72A17A06-2F89-43A8-B45C-B6C73532E2D0} = {72A17A06-2F89-43A8-B45C-B6C73532E2D0}
	EndProjectSection
EndProject
Project("{FAE04EC0-301F-11D3-BF4B-00C04F79EFBC}") = "SaveOurShipIntegration", "PowerControllerCompatibilitySaveOurShip\SaveOurShipIntegration.csproj", "{A90CB414-BC49-4C2B-8D62-DB3A5CC26B6B}"
	ProjectSection(ProjectDependencies) = postProject
		{72A17A06-2F89-43A8-B45C-B6C73532E2D0} = {72A17A06-2F89-43A8-B45C-B6C73532E2D0}
	EndProjectSection
EndProject
Global
	GlobalSection(SolutionConfigurationPlatforms) = preSolution
		Release|Any CPU = Release|Any CPU
	EndGlobalSection
	GlobalSection(ProjectConfigurationPlatforms) = postSolution
		{72A17A06-2F89-43A8-B45C-B6C73532E2D0}.Release|Any CPU.ActiveCfg = Release|Any CPU
		{72A17A06-2F89-43A8-B45C-B6C73532E2D0}.Release|Any CPU.Build.0 = Release|Any CPU
		{269012A0-7F73-46D5-9699-F831607A1205}.Release|Any CPU.ActiveCfg = Release|Any CPU
		{269012A0-7F73-46D5-9699-F831607A1205}.Release|Any CPU.Build.0 = Release|Any CPU
		{ED448AE2-D806-40D7-B021-ADC1B5C22875}.Release|Any CPU.ActiveCfg = Release|Any CPU
		{ED448AE2-D806-40D7-B021-ADC1B5C22875}.Release|Any CPU.Build.0 = Release|Any CPU
		{DB06777E-4081-43C9-A029-71B6AB7FED3F}.Release|Any CPU.ActiveCfg = Release|Any CPU
		{DB06777E-4081-43C9-A029-71B6AB7FED3F}.Release|Any CPU.Build.0 = Release|Any CPU
		{A90CB414-BC49-4C2B-8D62-DB3A5CC26B6B}.Release|Any CPU.ActiveCfg = Release|Any CPU
		{A90CB414-BC49-4C2B-8D62-DB3A5CC26B6B}.Release|Any CPU.Build.0 = Release|Any CPU
	EndGlobalSection
	GlobalSection(SolutionProperties) = preSolution
		HideSolutionNode = FALSE
	EndGlobalSection
EndGlobal
